
Microsoft Visual Studio Solution File, Format Version 12.00
# Visual Studio Version 17
VisualStudioVersion = 17.1.32328.378
MinimumVisualStudioVersion = 10.0.40219.1
Project("{FAE04EC0-301F-11D3-BF4B-00C04F79EFBC}") = "GradeCalculatorDesktop", "GradeCalculatorDesktop\GradeCalculatorDesktop.csproj", "{BB45F986-6BAE-4972-8E47-AB634F859A2B}"
EndProject
Global
	GlobalSection(SolutionConfigurationPlatforms) = preSolution
		Debug|Any CPU = Debug|Any CPU
		Release|Any CPU = Release|Any CPU
	EndGlobalSection
	GlobalSection(ProjectConfigurationPlatforms) = postSolution
		{BB45F986-6BAE-4972-8E47-AB634F859A2B}.Debug|Any CPU.ActiveCfg = Debug|Any CPU
		{BB45F986-6BAE-4972-8E47-AB634F859A2B}.Debug|Any CPU.Build.0 = Debug|Any CPU
		{BB45F986-6BAE-4972-8E47-AB634F859A2B}.Release|Any CPU.ActiveCfg = Release|Any CPU
		{BB45F986-6BAE-4972-8E47-AB634F859A2B}.Release|Any CPU.Build.0 = Release|Any CPU
	EndGlobalSection
	GlobalSection(SolutionProperties) = preSolution
		HideSolutionNode = FALSE
	EndGlobalSection
	GlobalSection(ExtensibilityGlobals) = postSolution
		SolutionGuid = {E3998AE5-8066-42CD-90DD-4D1AF1B471F4}
	EndGlobalSection
EndGlobal
